
Microsoft Visual Studio Solution File, Format Version 12.00
# Visual Studio 15
Project("{FAE04EC0-301F-11D3-BF4B-00C04F79EFBC}") = "Unity.Timeline", "Unity.Timeline.csproj", "{6E1219C9-BA82-E050-CAB6-233C4387D2BC}"
EndProject
Project("{FAE04EC0-301F-11D3-BF4B-00C04F79EFBC}") = "Unity.Timeline.Editor", "Unity.Timeline.Editor.csproj", "{32C16C1A-FDE3-2452-63B3-50D54C35FBE7}"
EndProject
Project("{FAE04EC0-301F-11D3-BF4B-00C04F79EFBC}") = "UnityEngine.Advertisements", "UnityEngine.Advertisements.csproj", "{7B3E404B-1BE0-94D2-084D-E1B5D2ADD2B4}"
EndProject
Project("{FAE04EC0-301F-11D3-BF4B-00C04F79EFBC}") = "UnityEngine.Advertisements.Editor", "UnityEngine.Advertisements.Editor.csproj", "{5759990D-E025-4173-797A-C733864CA326}"
EndProject
Project("{FAE04EC0-301F-11D3-BF4B-00C04F79EFBC}") = "UnityEngine.UI", "UnityEngine.UI.csproj", "{DB1179E5-A718-4911-F12A-D144E38550E5}"
EndProject
Project("{FAE04EC0-301F-11D3-BF4B-00C04F79EFBC}") = "Unity.2D.Tilemap.Editor", "Unity.2D.Tilemap.Editor.csproj", "{5AB76163-7D72-7911-F872-57DCEEAB8FD5}"
EndProject
Project("{FAE04EC0-301F-11D3-BF4B-00C04F79EFBC}") = "Unity.Services.Core.Internal", "Unity.Services.Core.Internal.csproj", "{4653E3CD-55AD-08E0-D383-A941C647FBFE}"
EndProject
Project("{FAE04EC0-301F-11D3-BF4B-00C04F79EFBC}") = "Unity.PlasticSCM.Editor", "Unity.PlasticSCM.Editor.csproj", "{45916B7D-D737-48AF-04C1-597538580EC3}"
EndProject
Project("{FAE04EC0-301F-11D3-BF4B-00C04F79EFBC}") = "UnityEditor.UI", "UnityEditor.UI.csproj", "{D7452C2F-C1B4-7FC6-25F6-41E195C0F60B}"
EndProject
Project("{FAE04EC0-301F-11D3-BF4B-00C04F79EFBC}") = "UnityEditor.Purchasing", "UnityEditor.Purchasing.csproj", "{DC1F686F-B9CB-B07C-C484-07A135B79263}"
EndProject
Project("{FAE04EC0-301F-11D3-BF4B-00C04F79EFBC}") = "UnityEngine.TestRunner", "UnityEngine.TestRunner.csproj", "{CA005B6E-BF07-C72C-ABD4-7871B58177B4}"
EndProject
Project("{FAE04EC0-301F-11D3-BF4B-00C04F79EFBC}") = "Unity.Multiplayer.Center.Editor", "Unity.Multiplayer.Center.Editor.csproj", "{6AB9EA5C-D967-440D-AAD8-050D45590455}"
EndProject
Project("{FAE04EC0-301F-11D3-BF4B-00C04F79EFBC}") = "UnityEngine.Purchasing.Stores", "UnityEngine.Purchasing.Stores.csproj", "{D17F4246-07A0-F748-90D8-F9748D80B2BC}"
EndProject
Project("{FAE04EC0-301F-11D3-BF4B-00C04F79EFBC}") = "UnityEditor.TestRunner", "UnityEditor.TestRunner.csproj", "{A790EF61-A1A2-D374-84E8-6807D77DF809}"
EndProject
Project("{FAE04EC0-301F-11D3-BF4B-00C04F79EFBC}") = "UnityEngine.Advertisements.DevX.Editor", "UnityEngine.Advertisements.DevX.Editor.csproj", "{E1FE6DC2-768B-C7BF-AD19-734E7CEC4746}"
EndProject
Project("{FAE04EC0-301F-11D3-BF4B-00C04F79EFBC}") = "Unity.Services.Analytics", "Unity.Services.Analytics.csproj", "{D90A9473-7B00-7A51-0539-FF0964C606DA}"
EndProject
Project("{FAE04EC0-301F-11D3-BF4B-00C04F79EFBC}") = "UnityEngine.Purchasing", "UnityEngine.Purchasing.csproj", "{8B212EDA-20BA-D112-599F-05275C103ADF}"
EndProject
Project("{FAE04EC0-301F-11D3-BF4B-00C04F79EFBC}") = "Unity.Services.Core.Environments.Editor", "Unity.Services.Core.Environments.Editor.csproj", "{D62452B2-92AC-C4AD-F92C-4FDD5066DF8E}"
EndProject
Project("{FAE04EC0-301F-11D3-BF4B-00C04F79EFBC}") = "Unity.Services.Core", "Unity.Services.Core.csproj", "{B8BA504B-05DA-5017-74B3-35A1CBDB78CB}"
EndProject
Project("{FAE04EC0-301F-11D3-BF4B-00C04F79EFBC}") = "Unity.Services.Core.Editor", "Unity.Services.Core.Editor.csproj", "{9D2F84CA-5DD1-F0E5-88C0-D7C1626CDADA}"
EndProject
Project("{FAE04EC0-301F-11D3-BF4B-00C04F79EFBC}") = "Unity.AI.Navigation.Editor", "Unity.AI.Navigation.Editor.csproj", "{D20BCCC1-290B-BFEE-6796-86537AAAF91E}"
EndProject
Project("{FAE04EC0-301F-11D3-BF4B-00C04F79EFBC}") = "Unity.VisualStudio.Editor", "Unity.VisualStudio.Editor.csproj", "{9C823DA9-C637-ED0B-B0ED-1014279F2930}"
EndProject
Project("{FAE04EC0-301F-11D3-BF4B-00C04F79EFBC}") = "IAPResolver", "IAPResolver.csproj", "{27D23522-E8CA-01EE-1AD3-611820D3B631}"
EndProject
Project("{FAE04EC0-301F-11D3-BF4B-00C04F79EFBC}") = "Unity.TextMeshPro.Editor", "Unity.TextMeshPro.Editor.csproj", "{5FC2CEB8-0567-8754-F561-91CDE51C7151}"
EndProject
Project("{FAE04EC0-301F-11D3-BF4B-00C04F79EFBC}") = "Unity.Rider.Editor", "Unity.Rider.Editor.csproj", "{CA000545-BAF3-1B50-5AC2-2EBA589869D1}"
EndProject
Project("{FAE04EC0-301F-11D3-BF4B-00C04F79EFBC}") = "Unity.Services.Core.Environments.Internal", "Unity.Services.Core.Environments.Internal.csproj", "{10F31695-F615-95A0-FDCC-4311150C6BFD}"
EndProject
Project("{FAE04EC0-301F-11D3-BF4B-00C04F79EFBC}") = "Unity.AI.Navigation", "Unity.AI.Navigation.csproj", "{FE6AB4C8-DBE8-9B64-399C-497B400966F7}"
EndProject
Project("{FAE04EC0-301F-11D3-BF4B-00C04F79EFBC}") = "UnityEngine.Purchasing.Codeless", "UnityEngine.Purchasing.Codeless.csproj", "{4C57F569-FA62-0D20-1D54-40E4ADF1E8AE}"
EndProject
Project("{FAE04EC0-301F-11D3-BF4B-00C04F79EFBC}") = "Unity.Services.Core.Configuration", "Unity.Services.Core.Configuration.csproj", "{2871449A-7041-3502-3097-9909D4D0E731}"
EndProject
Project("{FAE04EC0-301F-11D3-BF4B-00C04F79EFBC}") = "Unity.AI.Navigation.Editor.ConversionSystem", "Unity.AI.Navigation.Editor.ConversionSystem.csproj", "{86EB5931-868C-0898-AE41-3B4C2EB1AB89}"
EndProject
Project("{FAE04EC0-301F-11D3-BF4B-00C04F79EFBC}") = "UnityEditor.XR.LegacyInputHelpers", "UnityEditor.XR.LegacyInputHelpers.csproj", "{90F02153-31BE-B2AC-B831-68DF58813F06}"
EndProject
Project("{FAE04EC0-301F-11D3-BF4B-00C04F79EFBC}") = "Unity.Services.Core.Configuration.Editor", "Unity.Services.Core.Configuration.Editor.csproj", "{2516B98C-8CED-2970-5A7C-0E4DCAD8C118}"
EndProject
Project("{FAE04EC0-301F-11D3-BF4B-00C04F79EFBC}") = "Unity.TextMeshPro", "Unity.TextMeshPro.csproj", "{BBAFFF84-AC5D-B533-0413-6A63BDB56C39}"
EndProject
Project("{FAE04EC0-301F-11D3-BF4B-00C04F79EFBC}") = "Assembly-CSharp", "Assembly-CSharp.csproj", "{BE67C983-2833-888A-FE89-89D87795F6D7}"
EndProject
Project("{FAE04EC0-301F-11D3-BF4B-00C04F79EFBC}") = "Unity.Services.Core.Networking", "Unity.Services.Core.Networking.csproj", "{F58854D8-9D5A-10ED-A99F-0AEDB597C063}"
EndProject
Project("{FAE04EC0-301F-11D3-BF4B-00C04F79EFBC}") = "Unity.Services.Core.Scheduler", "Unity.Services.Core.Scheduler.csproj", "{23B8FDB2-A017-FF02-6735-9821433D104A}"
EndProject
Project("{FAE04EC0-301F-11D3-BF4B-00C04F79EFBC}") = "Unity.Services.Analytics.Editor", "Unity.Services.Analytics.Editor.csproj", "{824A831E-0B54-8C1E-FE52-66CA4E9ED881}"
EndProject
Project("{FAE04EC0-301F-11D3-BF4B-00C04F79EFBC}") = "Unity.2D.Sprite.Editor", "Unity.2D.Sprite.Editor.csproj", "{1925A385-23FB-FDBF-C094-260C28441629}"
EndProject
Project("{FAE04EC0-301F-11D3-BF4B-00C04F79EFBC}") = "UnityEngine.Purchasing.AppleMacosStub", "UnityEngine.Purchasing.AppleMacosStub.csproj", "{4083C91D-39E1-E10F-30AD-64B4375E9230}"
EndProject
Project("{FAE04EC0-301F-11D3-BF4B-00C04F79EFBC}") = "Unity.AI.Navigation.Updater", "Unity.AI.Navigation.Updater.csproj", "{322ACC63-902C-6B92-42B3-7124E7655C84}"
EndProject
Project("{FAE04EC0-301F-11D3-BF4B-00C04F79EFBC}") = "UnityEditor.SpatialTracking", "UnityEditor.SpatialTracking.csproj", "{0359682E-905D-1FD9-7883-72EC25E35C30}"
EndProject
Project("{FAE04EC0-301F-11D3-BF4B-00C04F79EFBC}") = "Unity.Analytics.DataPrivacy", "Unity.Analytics.DataPrivacy.csproj", "{D96977C4-9B5F-30C2-87C4-C7F08CD484C3}"
EndProject
Project("{FAE04EC0-301F-11D3-BF4B-00C04F79EFBC}") = "UnityEngine.Purchasing.SecurityStub", "UnityEngine.Purchasing.SecurityStub.csproj", "{138B06D9-836B-EA82-C40E-227B28BBBAB4}"
EndProject
Project("{FAE04EC0-301F-11D3-BF4B-00C04F79EFBC}") = "Unity.Services.Core.Registration", "Unity.Services.Core.Registration.csproj", "{1E2EFDB1-BE0D-6858-1FE5-6309F74B62D0}"
EndProject
Project("{FAE04EC0-301F-11D3-BF4B-00C04F79EFBC}") = "Unity.Services.Core.Telemetry", "Unity.Services.Core.Telemetry.csproj", "{F51FDD1D-9AF9-BC6A-1E56-B3835955CAF4}"
EndProject
Project("{FAE04EC0-301F-11D3-BF4B-00C04F79EFBC}") = "UnityEngine.Purchasing.SecurityCore", "UnityEngine.Purchasing.SecurityCore.csproj", "{EBB11D3F-4518-AA75-9752-CD2C7A140B27}"
EndProject
Project("{FAE04EC0-301F-11D3-BF4B-00C04F79EFBC}") = "UnityEngine.Purchasing.WinRTStub", "UnityEngine.Purchasing.WinRTStub.csproj", "{518FD56C-1A27-EB5F-08AD-CE29BD08DBAE}"
EndProject
Project("{FAE04EC0-301F-11D3-BF4B-00C04F79EFBC}") = "Unity.Services.Core.Analytics", "Unity.Services.Core.Analytics.csproj", "{87D587D6-ADCB-B7A9-E14C-DE2B3D2B1F0D}"
EndProject
Project("{FAE04EC0-301F-11D3-BF4B-00C04F79EFBC}") = "Unity.Multiplayer.Center.Common", "Unity.Multiplayer.Center.Common.csproj", "{9864D330-3D16-2D6F-4756-6AD0AB4B9FB5}"
EndProject
Project("{FAE04EC0-301F-11D3-BF4B-00C04F79EFBC}") = "UnityEngine.SpatialTracking", "UnityEngine.SpatialTracking.csproj", "{269CFEDA-99CE-6384-1C72-753ADF2D8F7F}"
EndProject
Project("{FAE04EC0-301F-11D3-BF4B-00C04F79EFBC}") = "Unity.Services.Core.Threading", "Unity.Services.Core.Threading.csproj", "{9BC0B54D-8491-E103-DB33-853B960A226F}"
EndProject
Project("{FAE04EC0-301F-11D3-BF4B-00C04F79EFBC}") = "UnityEngine.Purchasing.AppleStub", "UnityEngine.Purchasing.AppleStub.csproj", "{B8FA2DE5-91B1-D9D5-AA9F-F5EF64B2BE81}"
EndProject
Project("{FAE04EC0-301F-11D3-BF4B-00C04F79EFBC}") = "Unity.Services.Core.Device", "Unity.Services.Core.Device.csproj", "{23508F65-C56A-97EB-9DA2-F2D0F5341CDC}"
EndProject
Project("{FAE04EC0-301F-11D3-BF4B-00C04F79EFBC}") = "UnityEngine.Purchasing.WinRTCore", "UnityEngine.Purchasing.WinRTCore.csproj", "{3DBF8A5C-34DC-5DFE-CCC2-678A9125EDC4}"
EndProject
Project("{FAE04EC0-301F-11D3-BF4B-00C04F79EFBC}") = "Purchasing.Common", "Purchasing.Common.csproj", "{85DDAC6D-2058-C440-15A7-2FDA4B485B69}"
EndProject
Project("{FAE04EC0-301F-11D3-BF4B-00C04F79EFBC}") = "Unity.Services.Core.Environments", "Unity.Services.Core.Environments.csproj", "{733C8CC0-8092-0F06-80C1-53D6AFB11AD8}"
EndProject
Project("{FAE04EC0-301F-11D3-BF4B-00C04F79EFBC}") = "UnityEngine.XR.LegacyInputHelpers", "UnityEngine.XR.LegacyInputHelpers.csproj", "{6E252207-C542-2785-B956-2AB057D9B8D3}"
EndProject
Project("{FAE04EC0-301F-11D3-BF4B-00C04F79EFBC}") = "UnityEngine.Purchasing.AppleCore", "UnityEngine.Purchasing.AppleCore.csproj", "{8A0ABDAA-03F2-36BE-448E-8C8202424FBD}"
EndProject
Project("{FAE04EC0-301F-11D3-BF4B-00C04F79EFBC}") = "Unity.CollabProxy.Editor", "Unity.CollabProxy.Editor.csproj", "{723D11DD-DA9A-1510-F3AC-260AA2D4E3F3}"
EndProject
Project("{FAE04EC0-301F-11D3-BF4B-00C04F79EFBC}") = "Analytics", "Analytics.csproj", "{50125335-4C73-94B3-09E6-AB41E0580C83}"
EndProject
Global
	GlobalSection(SolutionConfigurationPlatforms) = preSolution
		Debug|Any CPU = Debug|Any CPU
		Release|Any CPU = Release|Any CPU
	EndGlobalSection
	GlobalSection(ProjectConfigurationPlatforms) = postSolution
		{6E1219C9-BA82-E050-CAB6-233C4387D2BC}.Debug|Any CPU.ActiveCfg = Debug|Any CPU
		{6E1219C9-BA82-E050-CAB6-233C4387D2BC}.Debug|Any CPU.Build.0 = Debug|Any CPU
		{6E1219C9-BA82-E050-CAB6-233C4387D2BC}.Release|Any CPU.ActiveCfg = Release|Any CPU
		{6E1219C9-BA82-E050-CAB6-233C4387D2BC}.Release|Any CPU.Build.0 = Release|Any CPU
		{32C16C1A-FDE3-2452-63B3-50D54C35FBE7}.Debug|Any CPU.ActiveCfg = Debug|Any CPU
		{32C16C1A-FDE3-2452-63B3-50D54C35FBE7}.Debug|Any CPU.Build.0 = Debug|Any CPU
		{32C16C1A-FDE3-2452-63B3-50D54C35FBE7}.Release|Any CPU.ActiveCfg = Release|Any CPU
		{32C16C1A-FDE3-2452-63B3-50D54C35FBE7}.Release|Any CPU.Build.0 = Release|Any CPU
		{7B3E404B-1BE0-94D2-084D-E1B5D2ADD2B4}.Debug|Any CPU.ActiveCfg = Debug|Any CPU
		{7B3E404B-1BE0-94D2-084D-E1B5D2ADD2B4}.Debug|Any CPU.Build.0 = Debug|Any CPU
		{7B3E404B-1BE0-94D2-084D-E1B5D2ADD2B4}.Release|Any CPU.ActiveCfg = Release|Any CPU
		{7B3E404B-1BE0-94D2-084D-E1B5D2ADD2B4}.Release|Any CPU.Build.0 = Release|Any CPU
		{5759990D-E025-4173-797A-C733864CA326}.Debug|Any CPU.ActiveCfg = Debug|Any CPU
		{5759990D-E025-4173-797A-C733864CA326}.Debug|Any CPU.Build.0 = Debug|Any CPU
		{5759990D-E025-4173-797A-C733864CA326}.Release|Any CPU.ActiveCfg = Release|Any CPU
		{5759990D-E025-4173-797A-C733864CA326}.Release|Any CPU.Build.0 = Release|Any CPU
		{DB1179E5-A718-4911-F12A-D144E38550E5}.Debug|Any CPU.ActiveCfg = Debug|Any CPU
		{DB1179E5-A718-4911-F12A-D144E38550E5}.Debug|Any CPU.Build.0 = Debug|Any CPU
		{DB1179E5-A718-4911-F12A-D144E38550E5}.Release|Any CPU.ActiveCfg = Release|Any CPU
		{DB1179E5-A718-4911-F12A-D144E38550E5}.Release|Any CPU.Build.0 = Release|Any CPU
		{5AB76163-7D72-7911-F872-57DCEEAB8FD5}.Debug|Any CPU.ActiveCfg = Debug|Any CPU
		{5AB76163-7D72-7911-F872-57DCEEAB8FD5}.Debug|Any CPU.Build.0 = Debug|Any CPU
		{5AB76163-7D72-7911-F872-57DCEEAB8FD5}.Release|Any CPU.ActiveCfg = Release|Any CPU
		{5AB76163-7D72-7911-F872-57DCEEAB8FD5}.Release|Any CPU.Build.0 = Release|Any CPU
		{4653E3CD-55AD-08E0-D383-A941C647FBFE}.Debug|Any CPU.ActiveCfg = Debug|Any CPU
		{4653E3CD-55AD-08E0-D383-A941C647FBFE}.Debug|Any CPU.Build.0 = Debug|Any CPU
		{4653E3CD-55AD-08E0-D383-A941C647FBFE}.Release|Any CPU.ActiveCfg = Release|Any CPU
		{4653E3CD-55AD-08E0-D383-A941C647FBFE}.Release|Any CPU.Build.0 = Release|Any CPU
		{45916B7D-D737-48AF-04C1-597538580EC3}.Debug|Any CPU.ActiveCfg = Debug|Any CPU
		{45916B7D-D737-48AF-04C1-597538580EC3}.Debug|Any CPU.Build.0 = Debug|Any CPU
		{45916B7D-D737-48AF-04C1-597538580EC3}.Release|Any CPU.ActiveCfg = Release|Any CPU
		{45916B7D-D737-48AF-04C1-597538580EC3}.Release|Any CPU.Build.0 = Release|Any CPU
		{D7452C2F-C1B4-7FC6-25F6-41E195C0F60B}.Debug|Any CPU.ActiveCfg = Debug|Any CPU
		{D7452C2F-C1B4-7FC6-25F6-41E195C0F60B}.Debug|Any CPU.Build.0 = Debug|Any CPU
		{D7452C2F-C1B4-7FC6-25F6-41E195C0F60B}.Release|Any CPU.ActiveCfg = Release|Any CPU
		{D7452C2F-C1B4-7FC6-25F6-41E195C0F60B}.Release|Any CPU.Build.0 = Release|Any CPU
		{DC1F686F-B9CB-B07C-C484-07A135B79263}.Debug|Any CPU.ActiveCfg = Debug|Any CPU
		{DC1F686F-B9CB-B07C-C484-07A135B79263}.Debug|Any CPU.Build.0 = Debug|Any CPU
		{DC1F686F-B9CB-B07C-C484-07A135B79263}.Release|Any CPU.ActiveCfg = Release|Any CPU
		{DC1F686F-B9CB-B07C-C484-07A135B79263}.Release|Any CPU.Build.0 = Release|Any CPU
		{CA005B6E-BF07-C72C-ABD4-7871B58177B4}.Debug|Any CPU.ActiveCfg = Debug|Any CPU
		{CA005B6E-BF07-C72C-ABD4-7871B58177B4}.Debug|Any CPU.Build.0 = Debug|Any CPU
		{CA005B6E-BF07-C72C-ABD4-7871B58177B4}.Release|Any CPU.ActiveCfg = Release|Any CPU
		{CA005B6E-BF07-C72C-ABD4-7871B58177B4}.Release|Any CPU.Build.0 = Release|Any CPU
		{6AB9EA5C-D967-440D-AAD8-050D45590455}.Debug|Any CPU.ActiveCfg = Debug|Any CPU
		{6AB9EA5C-D967-440D-AAD8-050D45590455}.Debug|Any CPU.Build.0 = Debug|Any CPU
		{6AB9EA5C-D967-440D-AAD8-050D45590455}.Release|Any CPU.ActiveCfg = Release|Any CPU
		{6AB9EA5C-D967-440D-AAD8-050D45590455}.Release|Any CPU.Build.0 = Release|Any CPU
		{D17F4246-07A0-F748-90D8-F9748D80B2BC}.Debug|Any CPU.ActiveCfg = Debug|Any CPU
		{D17F4246-07A0-F748-90D8-F9748D80B2BC}.Debug|Any CPU.Build.0 = Debug|Any CPU
		{D17F4246-07A0-F748-90D8-F9748D80B2BC}.Release|Any CPU.ActiveCfg = Release|Any CPU
		{D17F4246-07A0-F748-90D8-F9748D80B2BC}.Release|Any CPU.Build.0 = Release|Any CPU
		{A790EF61-A1A2-D374-84E8-6807D77DF809}.Debug|Any CPU.ActiveCfg = Debug|Any CPU
		{A790EF61-A1A2-D374-84E8-6807D77DF809}.Debug|Any CPU.Build.0 = Debug|Any CPU
		{A790EF61-A1A2-D374-84E8-6807D77DF809}.Release|Any CPU.ActiveCfg = Release|Any CPU
		{A790EF61-A1A2-D374-84E8-6807D77DF809}.Release|Any CPU.Build.0 = Release|Any CPU
		{E1FE6DC2-768B-C7BF-AD19-734E7CEC4746}.Debug|Any CPU.ActiveCfg = Debug|Any CPU
		{E1FE6DC2-768B-C7BF-AD19-734E7CEC4746}.Debug|Any CPU.Build.0 = Debug|Any CPU
		{E1FE6DC2-768B-C7BF-AD19-734E7CEC4746}.Release|Any CPU.ActiveCfg = Release|Any CPU
		{E1FE6DC2-768B-C7BF-AD19-734E7CEC4746}.Release|Any CPU.Build.0 = Release|Any CPU
		{D90A9473-7B00-7A51-0539-FF0964C606DA}.Debug|Any CPU.ActiveCfg = Debug|Any CPU
		{D90A9473-7B00-7A51-0539-FF0964C606DA}.Debug|Any CPU.Build.0 = Debug|Any CPU
		{D90A9473-7B00-7A51-0539-FF0964C606DA}.Release|Any CPU.ActiveCfg = Release|Any CPU
		{D90A9473-7B00-7A51-0539-FF0964C606DA}.Release|Any CPU.Build.0 = Release|Any CPU
		{8B212EDA-20BA-D112-599F-05275C103ADF}.Debug|Any CPU.ActiveCfg = Debug|Any CPU
		{8B212EDA-20BA-D112-599F-05275C103ADF}.Debug|Any CPU.Build.0 = Debug|Any CPU
		{8B212EDA-20BA-D112-599F-05275C103ADF}.Release|Any CPU.ActiveCfg = Release|Any CPU
		{8B212EDA-20BA-D112-599F-05275C103ADF}.Release|Any CPU.Build.0 = Release|Any CPU
		{D62452B2-92AC-C4AD-F92C-4FDD5066DF8E}.Debug|Any CPU.ActiveCfg = Debug|Any CPU
		{D62452B2-92AC-C4AD-F92C-4FDD5066DF8E}.Debug|Any CPU.Build.0 = Debug|Any CPU
		{D62452B2-92AC-C4AD-F92C-4FDD5066DF8E}.Release|Any CPU.ActiveCfg = Release|Any CPU
		{D62452B2-92AC-C4AD-F92C-4FDD5066DF8E}.Release|Any CPU.Build.0 = Release|Any CPU
		{B8BA504B-05DA-5017-74B3-35A1CBDB78CB}.Debug|Any CPU.ActiveCfg = Debug|Any CPU
		{B8BA504B-05DA-5017-74B3-35A1CBDB78CB}.Debug|Any CPU.Build.0 = Debug|Any CPU
		{B8BA504B-05DA-5017-74B3-35A1CBDB78CB}.Release|Any CPU.ActiveCfg = Release|Any CPU
		{B8BA504B-05DA-5017-74B3-35A1CBDB78CB}.Release|Any CPU.Build.0 = Release|Any CPU
		{9D2F84CA-5DD1-F0E5-88C0-D7C1626CDADA}.Debug|Any CPU.ActiveCfg = Debug|Any CPU
		{9D2F84CA-5DD1-F0E5-88C0-D7C1626CDADA}.Debug|Any CPU.Build.0 = Debug|Any CPU
		{9D2F84CA-5DD1-F0E5-88C0-D7C1626CDADA}.Release|Any CPU.ActiveCfg = Release|Any CPU
		{9D2F84CA-5DD1-F0E5-88C0-D7C1626CDADA}.Release|Any CPU.Build.0 = Release|Any CPU
		{D20BCCC1-290B-BFEE-6796-86537AAAF91E}.Debug|Any CPU.ActiveCfg = Debug|Any CPU
		{D20BCCC1-290B-BFEE-6796-86537AAAF91E}.Debug|Any CPU.Build.0 = Debug|Any CPU
		{D20BCCC1-290B-BFEE-6796-86537AAAF91E}.Release|Any CPU.ActiveCfg = Release|Any CPU
		{D20BCCC1-290B-BFEE-6796-86537AAAF91E}.Release|Any CPU.Build.0 = Release|Any CPU
		{9C823DA9-C637-ED0B-B0ED-1014279F2930}.Debug|Any CPU.ActiveCfg = Debug|Any CPU
		{9C823DA9-C637-ED0B-B0ED-1014279F2930}.Debug|Any CPU.Build.0 = Debug|Any CPU
		{9C823DA9-C637-ED0B-B0ED-1014279F2930}.Release|Any CPU.ActiveCfg = Release|Any CPU
		{9C823DA9-C637-ED0B-B0ED-1014279F2930}.Release|Any CPU.Build.0 = Release|Any CPU
		{27D23522-E8CA-01EE-1AD3-611820D3B631}.Debug|Any CPU.ActiveCfg = Debug|Any CPU
		{27D23522-E8CA-01EE-1AD3-611820D3B631}.Debug|Any CPU.Build.0 = Debug|Any CPU
		{27D23522-E8CA-01EE-1AD3-611820D3B631}.Release|Any CPU.ActiveCfg = Release|Any CPU
		{27D23522-E8CA-01EE-1AD3-611820D3B631}.Release|Any CPU.Build.0 = Release|Any CPU
		{5FC2CEB8-0567-8754-F561-91CDE51C7151}.Debug|Any CPU.ActiveCfg = Debug|Any CPU
		{5FC2CEB8-0567-8754-F561-91CDE51C7151}.Debug|Any CPU.Build.0 = Debug|Any CPU
		{5FC2CEB8-0567-8754-F561-91CDE51C7151}.Release|Any CPU.ActiveCfg = Release|Any CPU
		{5FC2CEB8-0567-8754-F561-91CDE51C7151}.Release|Any CPU.Build.0 = Release|Any CPU
		{CA000545-BAF3-1B50-5AC2-2EBA589869D1}.Debug|Any CPU.ActiveCfg = Debug|Any CPU
		{CA000545-BAF3-1B50-5AC2-2EBA589869D1}.Debug|Any CPU.Build.0 = Debug|Any CPU
		{CA000545-BAF3-1B50-5AC2-2EBA589869D1}.Release|Any CPU.ActiveCfg = Release|Any CPU
		{CA000545-BAF3-1B50-5AC2-2EBA589869D1}.Release|Any CPU.Build.0 = Release|Any CPU
		{10F31695-F615-95A0-FDCC-4311150C6BFD}.Debug|Any CPU.ActiveCfg = Debug|Any CPU
		{10F31695-F615-95A0-FDCC-4311150C6BFD}.Debug|Any CPU.Build.0 = Debug|Any CPU
		{10F31695-F615-95A0-FDCC-4311150C6BFD}.Release|Any CPU.ActiveCfg = Release|Any CPU
		{10F31695-F615-95A0-FDCC-4311150C6BFD}.Release|Any CPU.Build.0 = Release|Any CPU
		{FE6AB4C8-DBE8-9B64-399C-497B400966F7}.Debug|Any CPU.ActiveCfg = Debug|Any CPU
		{FE6AB4C8-DBE8-9B64-399C-497B400966F7}.Debug|Any CPU.Build.0 = Debug|Any CPU
		{FE6AB4C8-DBE8-9B64-399C-497B400966F7}.Release|Any CPU.ActiveCfg = Release|Any CPU
		{FE6AB4C8-DBE8-9B64-399C-497B400966F7}.Release|Any CPU.Build.0 = Release|Any CPU
		{4C57F569-FA62-0D20-1D54-40E4ADF1E8AE}.Debug|Any CPU.ActiveCfg = Debug|Any CPU
		{4C57F569-FA62-0D20-1D54-40E4ADF1E8AE}.Debug|Any CPU.Build.0 = Debug|Any CPU
		{4C57F569-FA62-0D20-1D54-40E4ADF1E8AE}.Release|Any CPU.ActiveCfg = Release|Any CPU
		{4C57F569-FA62-0D20-1D54-40E4ADF1E8AE}.Release|Any CPU.Build.0 = Release|Any CPU
		{2871449A-7041-3502-3097-9909D4D0E731}.Debug|Any CPU.ActiveCfg = Debug|Any CPU
		{2871449A-7041-3502-3097-9909D4D0E731}.Debug|Any CPU.Build.0 = Debug|Any CPU
		{2871449A-7041-3502-3097-9909D4D0E731}.Release|Any CPU.ActiveCfg = Release|Any CPU
		{2871449A-7041-3502-3097-9909D4D0E731}.Release|Any CPU.Build.0 = Release|Any CPU
		{86EB5931-868C-0898-AE41-3B4C2EB1AB89}.Debug|Any CPU.ActiveCfg = Debug|Any CPU
		{86EB5931-868C-0898-AE41-3B4C2EB1AB89}.Debug|Any CPU.Build.0 = Debug|Any CPU
		{86EB5931-868C-0898-AE41-3B4C2EB1AB89}.Release|Any CPU.ActiveCfg = Release|Any CPU
		{86EB5931-868C-0898-AE41-3B4C2EB1AB89}.Release|Any CPU.Build.0 = Release|Any CPU
		{90F02153-31BE-B2AC-B831-68DF58813F06}.Debug|Any CPU.ActiveCfg = Debug|Any CPU
		{90F02153-31BE-B2AC-B831-68DF58813F06}.Debug|Any CPU.Build.0 = Debug|Any CPU
		{90F02153-31BE-B2AC-B831-68DF58813F06}.Release|Any CPU.ActiveCfg = Release|Any CPU
		{90F02153-31BE-B2AC-B831-68DF58813F06}.Release|Any CPU.Build.0 = Release|Any CPU
		{2516B98C-8CED-2970-5A7C-0E4DCAD8C118}.Debug|Any CPU.ActiveCfg = Debug|Any CPU
		{2516B98C-8CED-2970-5A7C-0E4DCAD8C118}.Debug|Any CPU.Build.0 = Debug|Any CPU
		{2516B98C-8CED-2970-5A7C-0E4DCAD8C118}.Release|Any CPU.ActiveCfg = Release|Any CPU
		{2516B98C-8CED-2970-5A7C-0E4DCAD8C118}.Release|Any CPU.Build.0 = Release|Any CPU
		{BBAFFF84-AC5D-B533-0413-6A63BDB56C39}.Debug|Any CPU.ActiveCfg = Debug|Any CPU
		{BBAFFF84-AC5D-B533-0413-6A63BDB56C39}.Debug|Any CPU.Build.0 = Debug|Any CPU
		{BBAFFF84-AC5D-B533-0413-6A63BDB56C39}.Release|Any CPU.ActiveCfg = Release|Any CPU
		{BBAFFF84-AC5D-B533-0413-6A63BDB56C39}.Release|Any CPU.Build.0 = Release|Any CPU
		{BE67C983-2833-888A-FE89-89D87795F6D7}.Debug|Any CPU.ActiveCfg = Debug|Any CPU
		{BE67C983-2833-888A-FE89-89D87795F6D7}.Debug|Any CPU.Build.0 = Debug|Any CPU
		{BE67C983-2833-888A-FE89-89D87795F6D7}.Release|Any CPU.ActiveCfg = Release|Any CPU
		{BE67C983-2833-888A-FE89-89D87795F6D7}.Release|Any CPU.Build.0 = Release|Any CPU
		{F58854D8-9D5A-10ED-A99F-0AEDB597C063}.Debug|Any CPU.ActiveCfg = Debug|Any CPU
		{F58854D8-9D5A-10ED-A99F-0AEDB597C063}.Debug|Any CPU.Build.0 = Debug|Any CPU
		{F58854D8-9D5A-10ED-A99F-0AEDB597C063}.Release|Any CPU.ActiveCfg = Release|Any CPU
		{F58854D8-9D5A-10ED-A99F-0AEDB597C063}.Release|Any CPU.Build.0 = Release|Any CPU
		{23B8FDB2-A017-FF02-6735-9821433D104A}.Debug|Any CPU.ActiveCfg = Debug|Any CPU
		{23B8FDB2-A017-FF02-6735-9821433D104A}.Debug|Any CPU.Build.0 = Debug|Any CPU
		{23B8FDB2-A017-FF02-6735-9821433D104A}.Release|Any CPU.ActiveCfg = Release|Any CPU
		{23B8FDB2-A017-FF02-6735-9821433D104A}.Release|Any CPU.Build.0 = Release|Any CPU
		{824A831E-0B54-8C1E-FE52-66CA4E9ED881}.Debug|Any CPU.ActiveCfg = Debug|Any CPU
		{824A831E-0B54-8C1E-FE52-66CA4E9ED881}.Debug|Any CPU.Build.0 = Debug|Any CPU
		{824A831E-0B54-8C1E-FE52-66CA4E9ED881}.Release|Any CPU.ActiveCfg = Release|Any CPU
		{824A831E-0B54-8C1E-FE52-66CA4E9ED881}.Release|Any CPU.Build.0 = Release|Any CPU
		{1925A385-23FB-FDBF-C094-260C28441629}.Debug|Any CPU.ActiveCfg = Debug|Any CPU
		{1925A385-23FB-FDBF-C094-260C28441629}.Debug|Any CPU.Build.0 = Debug|Any CPU
		{1925A385-23FB-FDBF-C094-260C28441629}.Release|Any CPU.ActiveCfg = Release|Any CPU
		{1925A385-23FB-FDBF-C094-260C28441629}.Release|Any CPU.Build.0 = Release|Any CPU
		{4083C91D-39E1-E10F-30AD-64B4375E9230}.Debug|Any CPU.ActiveCfg = Debug|Any CPU
		{4083C91D-39E1-E10F-30AD-64B4375E9230}.Debug|Any CPU.Build.0 = Debug|Any CPU
		{4083C91D-39E1-E10F-30AD-64B4375E9230}.Release|Any CPU.ActiveCfg = Release|Any CPU
		{4083C91D-39E1-E10F-30AD-64B4375E9230}.Release|Any CPU.Build.0 = Release|Any CPU
		{322ACC63-902C-6B92-42B3-7124E7655C84}.Debug|Any CPU.ActiveCfg = Debug|Any CPU
		{322ACC63-902C-6B92-42B3-7124E7655C84}.Debug|Any CPU.Build.0 = Debug|Any CPU
		{322ACC63-902C-6B92-42B3-7124E7655C84}.Release|Any CPU.ActiveCfg = Release|Any CPU
		{322ACC63-902C-6B92-42B3-7124E7655C84}.Release|Any CPU.Build.0 = Release|Any CPU
		{0359682E-905D-1FD9-7883-72EC25E35C30}.Debug|Any CPU.ActiveCfg = Debug|Any CPU
		{0359682E-905D-1FD9-7883-72EC25E35C30}.Debug|Any CPU.Build.0 = Debug|Any CPU
		{0359682E-905D-1FD9-7883-72EC25E35C30}.Release|Any CPU.ActiveCfg = Release|Any CPU
		{0359682E-905D-1FD9-7883-72EC25E35C30}.Release|Any CPU.Build.0 = Release|Any CPU
		{D96977C4-9B5F-30C2-87C4-C7F08CD484C3}.Debug|Any CPU.ActiveCfg = Debug|Any CPU
		{D96977C4-9B5F-30C2-87C4-C7F08CD484C3}.Debug|Any CPU.Build.0 = Debug|Any CPU
		{D96977C4-9B5F-30C2-87C4-C7F08CD484C3}.Release|Any CPU.ActiveCfg = Release|Any CPU
		{D96977C4-9B5F-30C2-87C4-C7F08CD484C3}.Release|Any CPU.Build.0 = Release|Any CPU
		{138B06D9-836B-EA82-C40E-227B28BBBAB4}.Debug|Any CPU.ActiveCfg = Debug|Any CPU
		{138B06D9-836B-EA82-C40E-227B28BBBAB4}.Debug|Any CPU.Build.0 = Debug|Any CPU
		{138B06D9-836B-EA82-C40E-227B28BBBAB4}.Release|Any CPU.ActiveCfg = Release|Any CPU
		{138B06D9-836B-EA82-C40E-227B28BBBAB4}.Release|Any CPU.Build.0 = Release|Any CPU
		{1E2EFDB1-BE0D-6858-1FE5-6309F74B62D0}.Debug|Any CPU.ActiveCfg = Debug|Any CPU
		{1E2EFDB1-BE0D-6858-1FE5-6309F74B62D0}.Debug|Any CPU.Build.0 = Debug|Any CPU
		{1E2EFDB1-BE0D-6858-1FE5-6309F74B62D0}.Release|Any CPU.ActiveCfg = Release|Any CPU
		{1E2EFDB1-BE0D-6858-1FE5-6309F74B62D0}.Release|Any CPU.Build.0 = Release|Any CPU
		{F51FDD1D-9AF9-BC6A-1E56-B3835955CAF4}.Debug|Any CPU.ActiveCfg = Debug|Any CPU
		{F51FDD1D-9AF9-BC6A-1E56-B3835955CAF4}.Debug|Any CPU.Build.0 = Debug|Any CPU
		{F51FDD1D-9AF9-BC6A-1E56-B3835955CAF4}.Release|Any CPU.ActiveCfg = Release|Any CPU
		{F51FDD1D-9AF9-BC6A-1E56-B3835955CAF4}.Release|Any CPU.Build.0 = Release|Any CPU
		{EBB11D3F-4518-AA75-9752-CD2C7A140B27}.Debug|Any CPU.ActiveCfg = Debug|Any CPU
		{EBB11D3F-4518-AA75-9752-CD2C7A140B27}.Debug|Any CPU.Build.0 = Debug|Any CPU
		{EBB11D3F-4518-AA75-9752-CD2C7A140B27}.Release|Any CPU.ActiveCfg = Release|Any CPU
		{EBB11D3F-4518-AA75-9752-CD2C7A140B27}.Release|Any CPU.Build.0 = Release|Any CPU
		{518FD56C-1A27-EB5F-08AD-CE29BD08DBAE}.Debug|Any CPU.ActiveCfg = Debug|Any CPU
		{518FD56C-1A27-EB5F-08AD-CE29BD08DBAE}.Debug|Any CPU.Build.0 = Debug|Any CPU
		{518FD56C-1A27-EB5F-08AD-CE29BD08DBAE}.Release|Any CPU.ActiveCfg = Release|Any CPU
		{518FD56C-1A27-EB5F-08AD-CE29BD08DBAE}.Release|Any CPU.Build.0 = Release|Any CPU
		{87D587D6-ADCB-B7A9-E14C-DE2B3D2B1F0D}.Debug|Any CPU.ActiveCfg = Debug|Any CPU
		{87D587D6-ADCB-B7A9-E14C-DE2B3D2B1F0D}.Debug|Any CPU.Build.0 = Debug|Any CPU
		{87D587D6-ADCB-B7A9-E14C-DE2B3D2B1F0D}.Release|Any CPU.ActiveCfg = Release|Any CPU
		{87D587D6-ADCB-B7A9-E14C-DE2B3D2B1F0D}.Release|Any CPU.Build.0 = Release|Any CPU
		{9864D330-3D16-2D6F-4756-6AD0AB4B9FB5}.Debug|Any CPU.ActiveCfg = Debug|Any CPU
		{9864D330-3D16-2D6F-4756-6AD0AB4B9FB5}.Debug|Any CPU.Build.0 = Debug|Any CPU
		{9864D330-3D16-2D6F-4756-6AD0AB4B9FB5}.Release|Any CPU.ActiveCfg = Release|Any CPU
		{9864D330-3D16-2D6F-4756-6AD0AB4B9FB5}.Release|Any CPU.Build.0 = Release|Any CPU
		{269CFEDA-99CE-6384-1C72-753ADF2D8F7F}.Debug|Any CPU.ActiveCfg = Debug|Any CPU
		{269CFEDA-99CE-6384-1C72-753ADF2D8F7F}.Debug|Any CPU.Build.0 = Debug|Any CPU
		{269CFEDA-99CE-6384-1C72-753ADF2D8F7F}.Release|Any CPU.ActiveCfg = Release|Any CPU
		{269CFEDA-99CE-6384-1C72-753ADF2D8F7F}.Release|Any CPU.Build.0 = Release|Any CPU
		{9BC0B54D-8491-E103-DB33-853B960A226F}.Debug|Any CPU.ActiveCfg = Debug|Any CPU
		{9BC0B54D-8491-E103-DB33-853B960A226F}.Debug|Any CPU.Build.0 = Debug|Any CPU
		{9BC0B54D-8491-E103-DB33-853B960A226F}.Release|Any CPU.ActiveCfg = Release|Any CPU
		{9BC0B54D-8491-E103-DB33-853B960A226F}.Release|Any CPU.Build.0 = Release|Any CPU
		{B8FA2DE5-91B1-D9D5-AA9F-F5EF64B2BE81}.Debug|Any CPU.ActiveCfg = Debug|Any CPU
		{B8FA2DE5-91B1-D9D5-AA9F-F5EF64B2BE81}.Debug|Any CPU.Build.0 = Debug|Any CPU
		{B8FA2DE5-91B1-D9D5-AA9F-F5EF64B2BE81}.Release|Any CPU.ActiveCfg = Release|Any CPU
		{B8FA2DE5-91B1-D9D5-AA9F-F5EF64B2BE81}.Release|Any CPU.Build.0 = Release|Any CPU
		{23508F65-C56A-97EB-9DA2-F2D0F5341CDC}.Debug|Any CPU.ActiveCfg = Debug|Any CPU
		{23508F65-C56A-97EB-9DA2-F2D0F5341CDC}.Debug|Any CPU.Build.0 = Debug|Any CPU
		{23508F65-C56A-97EB-9DA2-F2D0F5341CDC}.Release|Any CPU.ActiveCfg = Release|Any CPU
		{23508F65-C56A-97EB-9DA2-F2D0F5341CDC}.Release|Any CPU.Build.0 = Release|Any CPU
		{3DBF8A5C-34DC-5DFE-CCC2-678A9125EDC4}.Debug|Any CPU.ActiveCfg = Debug|Any CPU
		{3DBF8A5C-34DC-5DFE-CCC2-678A9125EDC4}.Debug|Any CPU.Build.0 = Debug|Any CPU
		{3DBF8A5C-34DC-5DFE-CCC2-678A9125EDC4}.Release|Any CPU.ActiveCfg = Release|Any CPU
		{3DBF8A5C-34DC-5DFE-CCC2-678A9125EDC4}.Release|Any CPU.Build.0 = Release|Any CPU
		{85DDAC6D-2058-C440-15A7-2FDA4B485B69}.Debug|Any CPU.ActiveCfg = Debug|Any CPU
		{85DDAC6D-2058-C440-15A7-2FDA4B485B69}.Debug|Any CPU.Build.0 = Debug|Any CPU
		{85DDAC6D-2058-C440-15A7-2FDA4B485B69}.Release|Any CPU.ActiveCfg = Release|Any CPU
		{85DDAC6D-2058-C440-15A7-2FDA4B485B69}.Release|Any CPU.Build.0 = Release|Any CPU
		{733C8CC0-8092-0F06-80C1-53D6AFB11AD8}.Debug|Any CPU.ActiveCfg = Debug|Any CPU
		{733C8CC0-8092-0F06-80C1-53D6AFB11AD8}.Debug|Any CPU.Build.0 = Debug|Any CPU
		{733C8CC0-8092-0F06-80C1-53D6AFB11AD8}.Release|Any CPU.ActiveCfg = Release|Any CPU
		{733C8CC0-8092-0F06-80C1-53D6AFB11AD8}.Release|Any CPU.Build.0 = Release|Any CPU
		{6E252207-C542-2785-B956-2AB057D9B8D3}.Debug|Any CPU.ActiveCfg = Debug|Any CPU
		{6E252207-C542-2785-B956-2AB057D9B8D3}.Debug|Any CPU.Build.0 = Debug|Any CPU
		{6E252207-C542-2785-B956-2AB057D9B8D3}.Release|Any CPU.ActiveCfg = Release|Any CPU
		{6E252207-C542-2785-B956-2AB057D9B8D3}.Release|Any CPU.Build.0 = Release|Any CPU
		{8A0ABDAA-03F2-36BE-448E-8C8202424FBD}.Debug|Any CPU.ActiveCfg = Debug|Any CPU
		{8A0ABDAA-03F2-36BE-448E-8C8202424FBD}.Debug|Any CPU.Build.0 = Debug|Any CPU
		{8A0ABDAA-03F2-36BE-448E-8C8202424FBD}.Release|Any CPU.ActiveCfg = Release|Any CPU
		{8A0ABDAA-03F2-36BE-448E-8C8202424FBD}.Release|Any CPU.Build.0 = Release|Any CPU
		{723D11DD-DA9A-1510-F3AC-260AA2D4E3F3}.Debug|Any CPU.ActiveCfg = Debug|Any CPU
		{723D11DD-DA9A-1510-F3AC-260AA2D4E3F3}.Debug|Any CPU.Build.0 = Debug|Any CPU
		{723D11DD-DA9A-1510-F3AC-260AA2D4E3F3}.Release|Any CPU.ActiveCfg = Release|Any CPU
		{723D11DD-DA9A-1510-F3AC-260AA2D4E3F3}.Release|Any CPU.Build.0 = Release|Any CPU
		{50125335-4C73-94B3-09E6-AB41E0580C83}.Debug|Any CPU.ActiveCfg = Debug|Any CPU
		{50125335-4C73-94B3-09E6-AB41E0580C83}.Debug|Any CPU.Build.0 = Debug|Any CPU
		{50125335-4C73-94B3-09E6-AB41E0580C83}.Release|Any CPU.ActiveCfg = Release|Any CPU
		{50125335-4C73-94B3-09E6-AB41E0580C83}.Release|Any CPU.Build.0 = Release|Any CPU
	EndGlobalSection
	GlobalSection(SolutionProperties) = preSolution
		HideSolutionNode = FALSE
	EndGlobalSection
EndGlobal
